<?xml version="1.0" encoding="utf-8"?>
<Project ToolsVersion="4.0" xmlns="http://schemas.microsoft.com/developer/msbuild/2003">
  <ItemGroup>
    <Filter Include="Library">
      <UniqueIdentifier>{d5173dcf-2786-4f98-bd55-d03549637dfe}</UniqueIdentifier>
    </Filter>
    <Filter Include="Src">
      <UniqueIdentifier>{80d0a5a9-6779-4863-bede-cc22a4986dc5}</UniqueIdentifier>
    </Filter>
    <Filter Include="Src\Framework">
      <UniqueIdentifier>{f5928314-3ee2-4e39-abfa-d93aa9ee5891}</UniqueIdentifier>
    </Filter>
    <Filter Include="Src\Framework\Direct3D">
      <UniqueIdentifier>{f193abd5-e51c-466e-a937-722bc9175e9a}</UniqueIdentifier>
    </Filter>
    <Filter Include="Src\Framework\Utility">
      <UniqueIdentifier>{f5d733b1-5031-4659-a9d4-0dd3add1e5fb}</UniqueIdentifier>
    </Filter>
    <Filter Include="Src\Framework\Window">
      <UniqueIdentifier>{cb022f2a-c5a2-449b-9b70-5110aff8550f}</UniqueIdentifier>
    </Filter>
    <Filter Include="Library\tinygltf">
      <UniqueIdentifier>{307bfbcd-124f-4ad7-85f5-3fd94f814b1f}</UniqueIdentifier>
    </Filter>
    <Filter Include="Src\Framework\Shader">
      <UniqueIdentifier>{93543c0c-58fe-4a94-8279-7be3021b65b1}</UniqueIdentifier>
    </Filter>
    <Filter Include="Src\Framework\Shader\SpriteShader">
      <UniqueIdentifier>{2da4d471-f4e8-4b2d-bdef-b93f91523b8b}</UniqueIdentifier>
    </Filter>
    <Filter Include="Src\Application">
      <UniqueIdentifier>{d0d0f9cf-dabd-4346-bc9a-d9c04cf42372}</UniqueIdentifier>
    </Filter>
    <Filter Include="Src\Framework\Math">
      <UniqueIdentifier>{04f33e76-24f0-4a58-9355-5770b3f6f9c6}</UniqueIdentifier>
    </Filter>
    <Filter Include="Src\Framework\Audio">
      <UniqueIdentifier>{2a0de30f-d7e8-4517-a9a1-20de6e434592}</UniqueIdentifier>
    </Filter>
    <Filter Include="Src\Framework\Shader\PostProcessShader">
      <UniqueIdentifier>{bfef98c3-f0b2-41b1-b813-6f298072287b}</UniqueIdentifier>
    </Filter>
    <Filter Include="Src\Framework\GameObject">
      <UniqueIdentifier>{d45ba257-913b-44e3-a012-888d7b6f2b68}</UniqueIdentifier>
    </Filter>
    <Filter Include="Src\Framework\Input">
      <UniqueIdentifier>{9bd33b87-53db-4bc0-b98d-80db98f4ba9b}</UniqueIdentifier>
    </Filter>
    <Filter Include="Src\Framework\Direct3D\Polygon">
      <UniqueIdentifier>{b91bce2d-4487-485a-a855-b2bb6ce0d30b}</UniqueIdentifier>
    </Filter>
    <Filter Include="Src\Framework\Shader\StandardShader">
      <UniqueIdentifier>{857913be-4481-4606-9719-87518d4a6aeb}</UniqueIdentifier>
    </Filter>
    <Filter Include="Src\Framework\Effekseer">
      <UniqueIdentifier>{c81b93e4-2f33-496a-985e-98658f1cec51}</UniqueIdentifier>
    </Filter>
    <Filter Include="Src\Application\Scene">
      <UniqueIdentifier>{da9235ec-08f1-4792-b71d-c58634fffb0f}</UniqueIdentifier>
    </Filter>
    <Filter Include="Src\Application\Scene\BaseScene">
      <UniqueIdentifier>{4a92479c-59c1-425c-bddf-335a143a7dd6}</UniqueIdentifier>
    </Filter>
    <Filter Include="Src\Application\Scene\TitleScene">
      <UniqueIdentifier>{d7ac0f8a-d355-4bcf-8801-9f5c06ab1e33}</UniqueIdentifier>
    </Filter>
    <Filter Include="Src\Application\Scene\GameScene">
      <UniqueIdentifier>{15b4a73e-7369-4959-bb49-4b163a24b7b5}</UniqueIdentifier>
    </Filter>
    <Filter Include="Library\imgui">
      <UniqueIdentifier>{4a041644-8c5d-42b5-9683-f28b8c790f4f}</UniqueIdentifier>
    </Filter>
    <Filter Include="Src\Application\GameObject">
      <UniqueIdentifier>{c8eeed44-235a-4eda-9689-532350b60789}</UniqueIdentifier>
    </Filter>
    <Filter Include="Src\Application\GameObject\Camera">
      <UniqueIdentifier>{781882e7-a4ba-44ae-b14e-75844a3802df}</UniqueIdentifier>
    </Filter>
    <Filter Include="Src\Application\GameObject\Camera\TPSCamera">
      <UniqueIdentifier>{c8cf7720-4d00-4c0b-a1cf-bc64280b295f}</UniqueIdentifier>
    </Filter>
    <Filter Include="Src\Application\GameObject\Character">
      <UniqueIdentifier>{62158adf-3fc5-458e-a291-8185b7087b47}</UniqueIdentifier>
    </Filter>
    <Filter Include="Src\Application\GameObject\Character\Player">
      <UniqueIdentifier>{b48b823b-123d-43fc-8512-ecd871148523}</UniqueIdentifier>
    </Filter>
    <Filter Include="Src\Application\GameObject\Terrain">
      <UniqueIdentifier>{64bc69be-5be9-4858-9efe-8e35900482f1}</UniqueIdentifier>
    </Filter>
    <Filter Include="Src\Application\GameObject\Terrain\Ground">
      <UniqueIdentifier>{e92bcdbf-edbb-4220-a640-9652a886f58e}</UniqueIdentifier>
    </Filter>
    <Filter Include="Src\Application\GameObject\Terrain\Ground\NormalGround">
      <UniqueIdentifier>{4122e1f4-54d9-4b92-95f4-1d0c24c797c2}</UniqueIdentifier>
    </Filter>
    <Filter Include="Src\Application\GameObject\Terrain\Ground\BoundGround">
      <UniqueIdentifier>{4a3e224f-87fb-4fb8-8e0e-dda44ee65a98}</UniqueIdentifier>
    </Filter>
    <Filter Include="Src\Application\GameObject\Terrain\Wall">
      <UniqueIdentifier>{3753c03b-08b2-4403-8a1e-9a8ae06b3b79}</UniqueIdentifier>
    </Filter>
    <Filter Include="Src\Application\GameObject\Terrain\Wall\NormalWall">
      <UniqueIdentifier>{eb06f6c8-7dd7-4f6c-a451-11c14107cd10}</UniqueIdentifier>
    </Filter>
    <Filter Include="Src\Application\Tool">
      <UniqueIdentifier>{67cd0c6b-b42f-4d92-9ed7-77a0c20234d9}</UniqueIdentifier>
    </Filter>
    <Filter Include="Src\Application\Tool\DebugWindow">
      <UniqueIdentifier>{e76140e6-3966-4fdf-9a30-88a41090e1e7}</UniqueIdentifier>
    </Filter>
    <Filter Include="Src\Application\Tool\ObjectController">
      <UniqueIdentifier>{f8d8d8ad-40ca-4a2c-9165-1ce5dd96230b}</UniqueIdentifier>
    </Filter>
    <Filter Include="Src\Application\GameObject\BackGround">
      <UniqueIdentifier>{9b658b4c-c600-40f2-a7db-5bd16bf1dfe1}</UniqueIdentifier>
    </Filter>
    <Filter Include="Src\Application\GameObject\Terrain\Ground\MoveGround">
      <UniqueIdentifier>{c5e4cce7-925c-40a7-9a5e-7c72e1f2121b}</UniqueIdentifier>
    </Filter>
    <Filter Include="Src\Application\GameObject\Terrain\Ground\RotationGround">
      <UniqueIdentifier>{d328dac2-e8bf-4ff5-898a-972a653d60b7}</UniqueIdentifier>
    </Filter>
    <Filter Include="Src\Application\GameObject\EventObject">
      <UniqueIdentifier>{5a9dc032-e51a-4848-a73e-14510ccdfcf1}</UniqueIdentifier>
    </Filter>
    <Filter Include="Src\Application\GameObject\EventObject\Goal">
      <UniqueIdentifier>{8b6a797a-37f0-4faa-a204-3726da446164}</UniqueIdentifier>
    </Filter>
    <Filter Include="Src\Application\GameObject\Character\Enemy">
      <UniqueIdentifier>{57097eae-c57a-4c11-a047-f5dab3ec10f6}</UniqueIdentifier>
    </Filter>
    <Filter Include="Src\Application\GameObject\Character\Enemy\NormalEnemy">
      <UniqueIdentifier>{36173b4d-b03e-46eb-a4bd-9a75a4ef854c}</UniqueIdentifier>
    </Filter>
    <Filter Include="Src\Application\Tool\ObjectController\EnemyController">
      <UniqueIdentifier>{b3be50b8-cb2a-4879-a144-2a708d0f73df}</UniqueIdentifier>
    </Filter>
    <Filter Include="Src\Application\Tool\ObjectController\TerrainController">
      <UniqueIdentifier>{db0313ba-c76d-4b5d-8782-8720926f936a}</UniqueIdentifier>
    </Filter>
    <Filter Include="Src\Application\GameObject\SceneChange">
      <UniqueIdentifier>{09676046-5b74-459d-9920-db796e6df54d}</UniqueIdentifier>
    </Filter>
    <Filter Include="Src\Application\GameObject\Terrain\Object">
      <UniqueIdentifier>{fc5e0cc9-418f-4f8e-bf81-450fe1175c06}</UniqueIdentifier>
    </Filter>
    <Filter Include="Src\Application\GameObject\Terrain\Object\Fence">
      <UniqueIdentifier>{9d08345c-f92d-4851-a7e5-6d11d4ef7318}</UniqueIdentifier>
    </Filter>
    <Filter Include="Src\Application\GameObject\Terrain\Object\HalfFence">
      <UniqueIdentifier>{88533c81-3b36-4e08-81a6-615023f50c71}</UniqueIdentifier>
    </Filter>
    <Filter Include="Src\Application\Scene\StageSelectScene">
      <UniqueIdentifier>{955d4cb6-3a83-4d67-a7d8-1ac84349c9bf}</UniqueIdentifier>
    </Filter>
    <Filter Include="Src\Application\GameObject\Character\StageSelectPlayer">
      <UniqueIdentifier>{9deaefb4-b41d-446b-b9e3-713ea4ef295d}</UniqueIdentifier>
    </Filter>
    <Filter Include="Src\Application\GameObject\Camera\StageSelectCamera">
      <UniqueIdentifier>{7bd10deb-263b-48e5-86ff-7f3b5f0aac57}</UniqueIdentifier>
    </Filter>
    <Filter Include="Src\Application\GameObject\StageSelectTexture">
      <UniqueIdentifier>{7d8fa946-bc18-4b89-b4fe-3f06cd34109b}</UniqueIdentifier>
    </Filter>
    <Filter Include="Src\Application\GameObject\StageSelectUI">
      <UniqueIdentifier>{321515d7-7839-48d9-bdad-69de964528d5}</UniqueIdentifier>
    </Filter>
    <Filter Include="Src\Application\GameObject\Result">
      <UniqueIdentifier>{8cf6b13e-8492-45f4-a33b-feda3911f2ad}</UniqueIdentifier>
    </Filter>
    <Filter Include="Src\Application\GameObject\StageStart">
      <UniqueIdentifier>{307b19a5-0760-48ef-847e-bfd181b0165a}</UniqueIdentifier>
    </Filter>
    <Filter Include="Src\Application\GameObject\Terrain\Ground\DropGround">
      <UniqueIdentifier>{54587157-688e-4d5c-a758-1636df0c1b8b}</UniqueIdentifier>
    </Filter>
  </ItemGroup>
  <ItemGroup>
    <ClInclude Include="src\Pch.h">
      <Filter>Src</Filter>
    </ClInclude>
    <ClInclude Include="..\Library\tinygltf\json.hpp">
      <Filter>Library\tinygltf</Filter>
    </ClInclude>
    <ClInclude Include="..\Library\tinygltf\stb_image.h">
      <Filter>Library\tinygltf</Filter>
    </ClInclude>
    <ClInclude Include="..\Library\tinygltf\stb_image_write.h">
      <Filter>Library\tinygltf</Filter>
    </ClInclude>
    <ClInclude Include="..\Library\tinygltf\tiny_gltf.h">
      <Filter>Library\tinygltf</Filter>
    </ClInclude>
    <ClInclude Include="Src\Application\main.h">
      <Filter>Src\Application</Filter>
    </ClInclude>
    <ClInclude Include="src\Framework\Direct3D\KdDirect3D.h">
      <Filter>Src\Framework\Direct3D</Filter>
    </ClInclude>
    <ClInclude Include="src\Framework\Direct3D\KdTexture.h">
      <Filter>Src\Framework\Direct3D</Filter>
    </ClInclude>
    <ClInclude Include="src\Framework\Direct3D\KdBuffer.h">
      <Filter>Src\Framework\Direct3D</Filter>
    </ClInclude>
    <ClInclude Include="Src\Framework\Direct3D\KdGLTFLoader.h">
      <Filter>Src\Framework\Direct3D</Filter>
    </ClInclude>
    <ClInclude Include="Src\Framework\Shader\KdShaderManager.h">
      <Filter>Src\Framework\Shader</Filter>
    </ClInclude>
    <ClInclude Include="Src\Framework\Shader\SpriteShader\KdSpriteShader.h">
      <Filter>Src\Framework\Shader\SpriteShader</Filter>
    </ClInclude>
    <ClInclude Include="src\Framework\Utility\KdUtility.h">
      <Filter>Src\Framework\Utility</Filter>
    </ClInclude>
    <ClInclude Include="src\Framework\KdFramework.h">
      <Filter>Src\Framework</Filter>
    </ClInclude>
    <ClInclude Include="..\Library\strconv.h">
      <Filter>Library</Filter>
    </ClInclude>
    <ClInclude Include="src\Framework\Window\KdWindow.h">
      <Filter>Src\Framework\Window</Filter>
    </ClInclude>
    <ClInclude Include="src\Framework\Direct3D\KdMesh.h">
      <Filter>Src\Framework\Direct3D</Filter>
    </ClInclude>
    <ClInclude Include="Src\Framework\Direct3D\KdModel.h">
      <Filter>Src\Framework\Direct3D</Filter>
    </ClInclude>
    <ClInclude Include="Src\Framework\Math\KdCollision.h">
      <Filter>Src\Framework\Math</Filter>
    </ClInclude>
    <ClInclude Include="Src\Framework\Math\KdAnimation.h">
      <Filter>Src\Framework\Math</Filter>
    </ClInclude>
    <ClInclude Include="Src\Framework\Audio\KdAudio.h">
      <Filter>Src\Framework\Audio</Filter>
    </ClInclude>
    <ClInclude Include="Src\Framework\Direct3D\KdCamera.h">
      <Filter>Src\Framework\Direct3D</Filter>
    </ClInclude>
    <ClInclude Include="Src\Framework\Shader\PostProcessShader\KdPostProcessShader.h">
      <Filter>Src\Framework\Shader\PostProcessShader</Filter>
    </ClInclude>
    <ClInclude Include="Src\Framework\Math\KdCollider.h">
      <Filter>Src\Framework\Math</Filter>
    </ClInclude>
    <ClInclude Include="Src\Framework\Math\KdEasing.h">
      <Filter>Src\Framework\Math</Filter>
    </ClInclude>
    <ClInclude Include="Src\Framework\GameObject\KdGameObject.h">
      <Filter>Src\Framework\GameObject</Filter>
    </ClInclude>
    <ClInclude Include="Src\Framework\GameObject\KdGameObjectFactory.h">
      <Filter>Src\Framework\GameObject</Filter>
    </ClInclude>
    <ClInclude Include="Src\Framework\Input\KdInput.h">
      <Filter>Src\Framework\Input</Filter>
    </ClInclude>
    <ClInclude Include="Src\Framework\Utility\KdCSVData.h">
      <Filter>Src\Framework\Utility</Filter>
    </ClInclude>
    <ClInclude Include="Src\Framework\Direct3D\Polygon\KdPolygon.h">
      <Filter>Src\Framework\Direct3D\Polygon</Filter>
    </ClInclude>
    <ClInclude Include="Src\Framework\Direct3D\Polygon\KdSquarePolygon.h">
      <Filter>Src\Framework\Direct3D\Polygon</Filter>
    </ClInclude>
    <ClInclude Include="Src\Framework\Direct3D\Polygon\KdTrailPolygon.h">
      <Filter>Src\Framework\Direct3D\Polygon</Filter>
    </ClInclude>
    <ClInclude Include="Src\Framework\Direct3D\KdMaterial.h">
      <Filter>Src\Framework\Direct3D</Filter>
    </ClInclude>
    <ClInclude Include="Src\Framework\Utility\KdDataStorage.h">
      <Filter>Src\Framework\Utility</Filter>
    </ClInclude>
    <ClInclude Include="Src\Framework\Shader\KdAmbientController.h">
      <Filter>Src\Framework\Shader</Filter>
    </ClInclude>
    <ClInclude Include="Src\Framework\Math\KdUVAnimation.h">
      <Filter>Src\Framework\Math</Filter>
    </ClInclude>
    <ClInclude Include="Src\Framework\Shader\KdRenderTargetChange.h">
      <Filter>Src\Framework\Shader</Filter>
    </ClInclude>
    <ClInclude Include="Src\Framework\Utility\KdFPSController.h">
      <Filter>Src\Framework\Utility</Filter>
    </ClInclude>
    <ClInclude Include="Src\Framework\Utility\KdDebugWireFrame.h">
      <Filter>Src\Framework\Utility</Filter>
    </ClInclude>
    <ClInclude Include="Src\Framework\Shader\StandardShader\KdStandardShader.h">
      <Filter>Src\Framework\Shader\StandardShader</Filter>
    </ClInclude>
    <ClInclude Include="Src\Framework\Effekseer\KdEffekseerManager.h">
      <Filter>Src\Framework\Effekseer</Filter>
    </ClInclude>
    <ClInclude Include="Src\Application\Scene\SceneManager.h">
      <Filter>Src\Application\Scene</Filter>
    </ClInclude>
    <ClInclude Include="Src\Application\Scene\BaseScene\BaseScene.h">
      <Filter>Src\Application\Scene\BaseScene</Filter>
    </ClInclude>
    <ClInclude Include="Src\Application\Scene\GameScene\GameScene.h">
      <Filter>Src\Application\Scene\GameScene</Filter>
    </ClInclude>
    <ClInclude Include="Src\Application\Scene\TitleScene\TitleScene.h">
      <Filter>Src\Application\Scene\TitleScene</Filter>
    </ClInclude>
    <ClInclude Include="..\Library\imgui\imconfig.h">
      <Filter>Library\imgui</Filter>
    </ClInclude>
    <ClInclude Include="..\Library\imgui\imgui.h">
      <Filter>Library\imgui</Filter>
    </ClInclude>
    <ClInclude Include="..\Library\imgui\imgui_impl_dx11.h">
      <Filter>Library\imgui</Filter>
    </ClInclude>
    <ClInclude Include="..\Library\imgui\imgui_impl_win32.h">
      <Filter>Library\imgui</Filter>
    </ClInclude>
    <ClInclude Include="..\Library\imgui\imgui_internal.h">
      <Filter>Library\imgui</Filter>
    </ClInclude>
    <ClInclude Include="..\Library\imgui\imstb_rectpack.h">
      <Filter>Library\imgui</Filter>
    </ClInclude>
    <ClInclude Include="..\Library\imgui\imstb_textedit.h">
      <Filter>Library\imgui</Filter>
    </ClInclude>
    <ClInclude Include="..\Library\imgui\imstb_truetype.h">
      <Filter>Library\imgui</Filter>
    </ClInclude>
    <ClInclude Include="..\Library\imgui\imgui_stdlib.h">
      <Filter>Library\imgui</Filter>
    </ClInclude>
    <ClInclude Include="..\Library\imgui\ja_glyph_ranges.h">
      <Filter>Library\imgui</Filter>
    </ClInclude>
    <ClInclude Include="Src\Application\GameObject\Camera\CameraBase.h">
      <Filter>Src\Application\GameObject\Camera</Filter>
    </ClInclude>
    <ClInclude Include="Src\Application\GameObject\Camera\TPSCamera\TPSCamera.h">
      <Filter>Src\Application\GameObject\Camera\TPSCamera</Filter>
    </ClInclude>
    <ClInclude Include="Src\Application\GameObject\Character\CharacterBase.h">
      <Filter>Src\Application\GameObject\Character</Filter>
    </ClInclude>
    <ClInclude Include="Src\Application\GameObject\Character\Player\Player.h">
      <Filter>Src\Application\GameObject\Character\Player</Filter>
    </ClInclude>
    <ClInclude Include="Src\Application\GameObject\Terrain\TerrainBase.h">
      <Filter>Src\Application\GameObject\Terrain</Filter>
    </ClInclude>
    <ClInclude Include="Src\Application\GameObject\Terrain\Ground\NormalGround\NormalGround.h">
      <Filter>Src\Application\GameObject\Terrain\Ground\NormalGround</Filter>
    </ClInclude>
    <ClInclude Include="Src\Application\GameObject\Terrain\Ground\BoundGround\BoundGround.h">
      <Filter>Src\Application\GameObject\Terrain\Ground\BoundGround</Filter>
    </ClInclude>
    <ClInclude Include="Src\Application\GameObject\Terrain\Wall\NormalWall\NormalWall.h">
      <Filter>Src\Application\GameObject\Terrain\Wall\NormalWall</Filter>
    </ClInclude>
    <ClInclude Include="Src\Application\Tool\DebugWindow\DebugWindow.h">
      <Filter>Src\Application\Tool\DebugWindow</Filter>
    </ClInclude>
    <ClInclude Include="Src\Application\GameObject\BackGround\BackGround.h">
      <Filter>Src\Application\GameObject\BackGround</Filter>
    </ClInclude>
    <ClInclude Include="Src\Application\GameObject\Terrain\Ground\MoveGround\MoveGround.h">
      <Filter>Src\Application\GameObject\Terrain\Ground\MoveGround</Filter>
    </ClInclude>
    <ClInclude Include="Src\Application\GameObject\Terrain\Ground\RotationGround\RotationGround.h">
      <Filter>Src\Application\GameObject\Terrain\Ground\RotationGround</Filter>
    </ClInclude>
    <ClInclude Include="Src\Application\GameObject\EventObject\Goal\Goal.h">
      <Filter>Src\Application\GameObject\EventObject\Goal</Filter>
    </ClInclude>
    <ClInclude Include="Src\Application\GameObject\Character\Enemy\EnemyBase.h">
      <Filter>Src\Application\GameObject\Character\Enemy</Filter>
    </ClInclude>
    <ClInclude Include="Src\Application\GameObject\Character\Enemy\NormalEnemy\NormalEnemy.h">
      <Filter>Src\Application\GameObject\Character\Enemy\NormalEnemy</Filter>
    </ClInclude>
    <ClInclude Include="Src\Application\Tool\ObjectController\EnemyController\EnemyController.h">
      <Filter>Src\Application\Tool\ObjectController\EnemyController</Filter>
    </ClInclude>
    <ClInclude Include="Src\Application\Tool\ObjectController\TerrainController\TerrainController.h">
      <Filter>Src\Application\Tool\ObjectController\TerrainController</Filter>
    </ClInclude>
    <ClInclude Include="Src\Application\GameObject\SceneChange\SceneChange.h">
      <Filter>Src\Application\GameObject\SceneChange</Filter>
    </ClInclude>
    <ClInclude Include="Src\Application\Utility.h">
      <Filter>Src\Application</Filter>
    </ClInclude>
    <ClInclude Include="Src\Application\GameObject\Terrain\Object\Fence\Fence.h">
      <Filter>Src\Application\GameObject\Terrain\Object\Fence</Filter>
    </ClInclude>
    <ClInclude Include="Src\Application\GameObject\Terrain\Object\HalfFence\HalfFence.h">
      <Filter>Src\Application\GameObject\Terrain\Object\HalfFence</Filter>
    </ClInclude>
    <ClInclude Include="Src\Application\Scene\StageSelectScene\StageSelectScene.h">
      <Filter>Src\Application\Scene\StageSelectScene</Filter>
    </ClInclude>
    <ClInclude Include="Src\Application\GameObject\Character\StageSelectPlayer\StageSelectPlayer.h">
      <Filter>Src\Application\GameObject\Character\StageSelectPlayer</Filter>
    </ClInclude>
    <ClInclude Include="Src\Application\GameObject\Camera\StageSelectCamera\StageSelectCamera.h">
      <Filter>Src\Application\GameObject\Camera\StageSelectCamera</Filter>
    </ClInclude>
    <ClInclude Include="Src\Application\GameObject\StageSelectTexture\StageSelectTexture.h">
      <Filter>Src\Application\GameObject\StageSelectTexture</Filter>
    </ClInclude>
    <ClInclude Include="Src\Application\GameObject\StageSelectUI\StageSelectUI.h">
      <Filter>Src\Application\GameObject\StageSelectUI</Filter>
    </ClInclude>
    <ClInclude Include="Src\Application\GameObject\Result\Result.h">
      <Filter>Src\Application\GameObject\Result</Filter>
    </ClInclude>
    <ClInclude Include="Src\Application\GameObject\StageStart\StageStart.h">
      <Filter>Src\Application\GameObject\StageStart</Filter>
    </ClInclude>
    <ClInclude Include="Src\Application\GameObject\Terrain\Ground\DropGround\DropGround.h">
      <Filter>Src\Application\GameObject\Terrain\Ground\DropGround</Filter>
    </ClInclude>
  </ItemGroup>
  <ItemGroup>
    <ClCompile Include="src\Pch.cpp">
      <Filter>Src</Filter>
    </ClCompile>
    <ClCompile Include="Src\Application\main.cpp">
      <Filter>Src\Application</Filter>
    </ClCompile>
    <ClCompile Include="src\Framework\Direct3D\KdDirect3D.cpp">
      <Filter>Src\Framework\Direct3D</Filter>
    </ClCompile>
    <ClCompile Include="src\Framework\Direct3D\KdTexture.cpp">
      <Filter>Src\Framework\Direct3D</Filter>
    </ClCompile>
    <ClCompile Include="src\Framework\Direct3D\KdBuffer.cpp">
      <Filter>Src\Framework\Direct3D</Filter>
    </ClCompile>
    <ClCompile Include="Src\Framework\Direct3D\KdGLTFLoader.cpp">
      <Filter>Src\Framework\Direct3D</Filter>
    </ClCompile>
    <ClCompile Include="Src\Framework\Shader\KdShaderManager.cpp">
      <Filter>Src\Framework\Shader</Filter>
    </ClCompile>
    <ClCompile Include="Src\Framework\Shader\SpriteShader\KdSpriteShader.cpp">
      <Filter>Src\Framework\Shader\SpriteShader</Filter>
    </ClCompile>
    <ClCompile Include="src\Framework\Window\KdWindow.cpp">
      <Filter>Src\Framework\Window</Filter>
    </ClCompile>
    <ClCompile Include="Src\Framework\Utility\KdUtility.cpp">
      <Filter>Src\Framework\Utility</Filter>
    </ClCompile>
    <ClCompile Include="src\Framework\Direct3D\KdMesh.cpp">
      <Filter>Src\Framework\Direct3D</Filter>
    </ClCompile>
    <ClCompile Include="Src\Framework\Direct3D\KdModel.cpp">
      <Filter>Src\Framework\Direct3D</Filter>
    </ClCompile>
    <ClCompile Include="Src\Framework\Math\KdCollision.cpp">
      <Filter>Src\Framework\Math</Filter>
    </ClCompile>
    <ClCompile Include="Src\Framework\Math\KdAnimation.cpp">
      <Filter>Src\Framework\Math</Filter>
    </ClCompile>
    <ClCompile Include="Src\Framework\Audio\KdAudio.cpp">
      <Filter>Src\Framework\Audio</Filter>
    </ClCompile>
    <ClCompile Include="Src\Framework\Direct3D\KdCamera.cpp">
      <Filter>Src\Framework\Direct3D</Filter>
    </ClCompile>
    <ClCompile Include="Src\Framework\Shader\PostProcessShader\KdPostProcessShader.cpp">
      <Filter>Src\Framework\Shader\PostProcessShader</Filter>
    </ClCompile>
    <ClCompile Include="Src\Framework\Math\KdCollider.cpp">
      <Filter>Src\Framework\Math</Filter>
    </ClCompile>
    <ClCompile Include="Src\Framework\Math\KdEasing.cpp">
      <Filter>Src\Framework\Math</Filter>
    </ClCompile>
    <ClCompile Include="Src\Framework\GameObject\KdGameObject.cpp">
      <Filter>Src\Framework\GameObject</Filter>
    </ClCompile>
    <ClCompile Include="Src\Framework\GameObject\KdGameObjectFactory.cpp">
      <Filter>Src\Framework\GameObject</Filter>
    </ClCompile>
    <ClCompile Include="Src\Framework\Input\KdInput.cpp">
      <Filter>Src\Framework\Input</Filter>
    </ClCompile>
    <ClCompile Include="Src\Framework\Utility\KdCSVData.cpp">
      <Filter>Src\Framework\Utility</Filter>
    </ClCompile>
    <ClCompile Include="Src\Framework\Direct3D\Polygon\KdSquarePolygon.cpp">
      <Filter>Src\Framework\Direct3D\Polygon</Filter>
    </ClCompile>
    <ClCompile Include="Src\Framework\Direct3D\Polygon\KdTrailPolygon.cpp">
      <Filter>Src\Framework\Direct3D\Polygon</Filter>
    </ClCompile>
    <ClCompile Include="Src\Framework\Direct3D\KdMaterial.cpp">
      <Filter>Src\Framework\Direct3D</Filter>
    </ClCompile>
    <ClCompile Include="Src\Framework\Direct3D\Polygon\KdPolygon.cpp">
      <Filter>Src\Framework\Direct3D\Polygon</Filter>
    </ClCompile>
    <ClCompile Include="Src\Framework\Shader\KdAmbientController.cpp">
      <Filter>Src\Framework\Shader</Filter>
    </ClCompile>
    <ClCompile Include="Src\Framework\Math\KdUVAnimation.cpp">
      <Filter>Src\Framework\Math</Filter>
    </ClCompile>
    <ClCompile Include="Src\Framework\Shader\KdRenderTargetChange.cpp">
      <Filter>Src\Framework\Shader</Filter>
    </ClCompile>
    <ClCompile Include="Src\Framework\Utility\KdFPSController.cpp">
      <Filter>Src\Framework\Utility</Filter>
    </ClCompile>
    <ClCompile Include="Src\Framework\Utility\KdDebugWireFrame.cpp">
      <Filter>Src\Framework\Utility</Filter>
    </ClCompile>
    <ClCompile Include="Src\Framework\Shader\StandardShader\KdStandardShader.cpp">
      <Filter>Src\Framework\Shader\StandardShader</Filter>
    </ClCompile>
    <ClCompile Include="Src\Framework\Effekseer\KdEffekseerManager.cpp">
      <Filter>Src\Framework\Effekseer</Filter>
    </ClCompile>
    <ClCompile Include="Src\Application\Scene\SceneManager.cpp">
      <Filter>Src\Application\Scene</Filter>
    </ClCompile>
    <ClCompile Include="Src\Application\Scene\BaseScene\BaseScene.cpp">
      <Filter>Src\Application\Scene\BaseScene</Filter>
    </ClCompile>
    <ClCompile Include="Src\Application\Scene\GameScene\GameScene.cpp">
      <Filter>Src\Application\Scene\GameScene</Filter>
    </ClCompile>
    <ClCompile Include="Src\Application\Scene\TitleScene\TitleScene.cpp">
      <Filter>Src\Application\Scene\TitleScene</Filter>
    </ClCompile>
    <ClCompile Include="..\Library\imgui\imgui.cpp">
      <Filter>Library\imgui</Filter>
    </ClCompile>
    <ClCompile Include="..\Library\imgui\imgui_demo.cpp">
      <Filter>Library\imgui</Filter>
    </ClCompile>
    <ClCompile Include="..\Library\imgui\imgui_draw.cpp">
      <Filter>Library\imgui</Filter>
    </ClCompile>
    <ClCompile Include="..\Library\imgui\imgui_impl_dx11.cpp">
      <Filter>Library\imgui</Filter>
    </ClCompile>
    <ClCompile Include="..\Library\imgui\imgui_impl_win32.cpp">
      <Filter>Library\imgui</Filter>
    </ClCompile>
    <ClCompile Include="..\Library\imgui\imgui_tables.cpp">
      <Filter>Library\imgui</Filter>
    </ClCompile>
    <ClCompile Include="..\Library\imgui\imgui_widgets.cpp">
      <Filter>Library\imgui</Filter>
    </ClCompile>
    <ClCompile Include="..\Library\imgui\imgui_stdlib.cpp">
      <Filter>Library\imgui</Filter>
    </ClCompile>
    <ClCompile Include="Src\Application\GameObject\Camera\CameraBase.cpp">
      <Filter>Src\Application\GameObject\Camera</Filter>
    </ClCompile>
    <ClCompile Include="Src\Application\GameObject\Camera\TPSCamera\TPSCamera.cpp">
      <Filter>Src\Application\GameObject\Camera\TPSCamera</Filter>
    </ClCompile>
    <ClCompile Include="Src\Application\GameObject\Character\CharacterBase.cpp">
      <Filter>Src\Application\GameObject\Character</Filter>
    </ClCompile>
    <ClCompile Include="Src\Application\GameObject\Character\Player\Player.cpp">
      <Filter>Src\Application\GameObject\Character\Player</Filter>
    </ClCompile>
    <ClCompile Include="Src\Application\GameObject\Terrain\TerrainBase.cpp">
      <Filter>Src\Application\GameObject\Terrain</Filter>
    </ClCompile>
    <ClCompile Include="Src\Application\GameObject\Terrain\Ground\NormalGround\NormalGround.cpp">
      <Filter>Src\Application\GameObject\Terrain\Ground\NormalGround</Filter>
    </ClCompile>
    <ClCompile Include="Src\Application\GameObject\Terrain\Ground\BoundGround\BoundGround.cpp">
      <Filter>Src\Application\GameObject\Terrain\Ground\BoundGround</Filter>
    </ClCompile>
    <ClCompile Include="Src\Application\GameObject\Terrain\Wall\NormalWall\NormalWall.cpp">
      <Filter>Src\Application\GameObject\Terrain\Wall\NormalWall</Filter>
    </ClCompile>
    <ClCompile Include="Src\Application\Tool\DebugWindow\DebugWindow.cpp">
      <Filter>Src\Application\Tool\DebugWindow</Filter>
    </ClCompile>
    <ClCompile Include="Src\Application\GameObject\BackGround\BackGround.cpp">
      <Filter>Src\Application\GameObject\BackGround</Filter>
    </ClCompile>
    <ClCompile Include="Src\Application\GameObject\Terrain\Ground\MoveGround\MoveGround.cpp">
      <Filter>Src\Application\GameObject\Terrain\Ground\MoveGround</Filter>
    </ClCompile>
    <ClCompile Include="Src\Application\GameObject\Terrain\Ground\RotationGround\RotationGround.cpp">
      <Filter>Src\Application\GameObject\Terrain\Ground\RotationGround</Filter>
    </ClCompile>
    <ClCompile Include="Src\Application\GameObject\EventObject\Goal\Goal.cpp">
      <Filter>Src\Application\GameObject\EventObject\Goal</Filter>
    </ClCompile>
    <ClCompile Include="Src\Application\GameObject\Character\Enemy\EnemyBase.cpp">
      <Filter>Src\Application\GameObject\Character\Enemy</Filter>
    </ClCompile>
    <ClCompile Include="Src\Application\GameObject\Character\Enemy\NormalEnemy\NormalEnemy.cpp">
      <Filter>Src\Application\GameObject\Character\Enemy\NormalEnemy</Filter>
    </ClCompile>
    <ClCompile Include="Src\Application\Tool\ObjectController\EnemyController\EnemyController.cpp">
      <Filter>Src\Application\Tool\ObjectController\EnemyController</Filter>
    </ClCompile>
    <ClCompile Include="Src\Application\Tool\ObjectController\TerrainController\TerrainController.cpp">
      <Filter>Src\Application\Tool\ObjectController\TerrainController</Filter>
    </ClCompile>
    <ClCompile Include="Src\Application\GameObject\SceneChange\SceneChange.cpp">
      <Filter>Src\Application\GameObject\SceneChange</Filter>
    </ClCompile>
    <ClCompile Include="Src\Application\GameObject\Terrain\Object\Fence\Fence.cpp">
      <Filter>Src\Application\GameObject\Terrain\Object\Fence</Filter>
    </ClCompile>
    <ClCompile Include="Src\Application\GameObject\Terrain\Object\HalfFence\HalfFence.cpp">
      <Filter>Src\Application\GameObject\Terrain\Object\HalfFence</Filter>
    </ClCompile>
    <ClCompile Include="Src\Application\Scene\StageSelectScene\StageSelectScene.cpp">
      <Filter>Src\Application\Scene\StageSelectScene</Filter>
    </ClCompile>
    <ClCompile Include="Src\Application\GameObject\Character\StageSelectPlayer\StageSelectPlayer.cpp">
      <Filter>Src\Application\GameObject\Character\StageSelectPlayer</Filter>
    </ClCompile>
    <ClCompile Include="Src\Application\GameObject\Camera\StageSelectCamera\StageSelectCamera.cpp">
      <Filter>Src\Application\GameObject\Camera\StageSelectCamera</Filter>
    </ClCompile>
    <ClCompile Include="Src\Application\GameObject\StageSelectTexture\StageSelectTexture.cpp">
      <Filter>Src\Application\GameObject\StageSelectTexture</Filter>
    </ClCompile>
    <ClCompile Include="Src\Application\GameObject\StageSelectUI\StageSelectUI.cpp">
      <Filter>Src\Application\GameObject\StageSelectUI</Filter>
    </ClCompile>
    <ClCompile Include="Src\Application\GameObject\Result\Result.cpp">
      <Filter>Src\Application\GameObject\Result</Filter>
    </ClCompile>
    <ClCompile Include="Src\Application\GameObject\StageStart\StageStart.cpp">
      <Filter>Src\Application\GameObject\StageStart</Filter>
    </ClCompile>
    <ClCompile Include="Src\Application\GameObject\Terrain\Ground\DropGround\DropGround.cpp">
      <Filter>Src\Application\GameObject\Terrain\Ground\DropGround</Filter>
    </ClCompile>
  </ItemGroup>
  <ItemGroup>
    <None Include="Src\Framework\Shader\inc_KdCommon.hlsli">
      <Filter>Src\Framework\Shader</Filter>
    </None>
    <None Include="Src\Framework\Shader\SpriteShader\inc_KdSpriteShader.hlsli">
      <Filter>Src\Framework\Shader\SpriteShader</Filter>
    </None>
    <None Include="Src\Framework\Shader\PostProcessShader\inc_KdPostProcessShader.hlsli">
      <Filter>Src\Framework\Shader\PostProcessShader</Filter>
    </None>
    <None Include="Src\Framework\Shader\StandardShader\inc_KdStandardShader.hlsli">
      <Filter>Src\Framework\Shader\StandardShader</Filter>
    </None>
  </ItemGroup>
  <ItemGroup>
    <FxCompile Include="Src\Framework\Shader\SpriteShader\KdSpriteShader_PS.hlsl">
      <Filter>Src\Framework\Shader\SpriteShader</Filter>
    </FxCompile>
    <FxCompile Include="Src\Framework\Shader\SpriteShader\KdSpriteShader_VS.hlsl">
      <Filter>Src\Framework\Shader\SpriteShader</Filter>
    </FxCompile>
    <FxCompile Include="Src\Framework\Shader\PostProcessShader\KdPostProcessShader_PS_Blur.hlsl">
      <Filter>Src\Framework\Shader\PostProcessShader</Filter>
    </FxCompile>
    <FxCompile Include="Src\Framework\Shader\PostProcessShader\KdPostProcessShader_VS.hlsl">
      <Filter>Src\Framework\Shader\PostProcessShader</Filter>
    </FxCompile>
    <FxCompile Include="Src\Framework\Shader\PostProcessShader\KdPostProcessShader_PS_DoF.hlsl">
      <Filter>Src\Framework\Shader\PostProcessShader</Filter>
    </FxCompile>
    <FxCompile Include="Src\Framework\Shader\PostProcessShader\KdPostProcessShader_PS_Bright.hlsl">
      <Filter>Src\Framework\Shader\PostProcessShader</Filter>
    </FxCompile>
    <FxCompile Include="Src\Framework\Shader\StandardShader\KdStandardShader_PS_GenDepthMapFromLight.hlsl">
      <Filter>Src\Framework\Shader\StandardShader</Filter>
    </FxCompile>
    <FxCompile Include="Src\Framework\Shader\StandardShader\KdStandardShader_PS_Lit.hlsl">
      <Filter>Src\Framework\Shader\StandardShader</Filter>
    </FxCompile>
    <FxCompile Include="Src\Framework\Shader\StandardShader\KdStandardShader_PS_UnLit.hlsl">
      <Filter>Src\Framework\Shader\StandardShader</Filter>
    </FxCompile>
    <FxCompile Include="Src\Framework\Shader\StandardShader\KdStandardShader_VS_GenDepthMapFromLight.hlsl">
      <Filter>Src\Framework\Shader\StandardShader</Filter>
    </FxCompile>
    <FxCompile Include="Src\Framework\Shader\StandardShader\KdStandardShader_VS_Lit.hlsl">
      <Filter>Src\Framework\Shader\StandardShader</Filter>
    </FxCompile>
    <FxCompile Include="Src\Framework\Shader\StandardShader\KdStandardShader_VS_UnLit.hlsl">
      <Filter>Src\Framework\Shader\StandardShader</Filter>
    </FxCompile>
  </ItemGroup>
</Project>